// !$*UTF8*$!
{
	archiveVersion = 1;
	classes = {
	};
	objectVersion = 55;
	objects = {

/* Begin PBXBuildFile section */
		E9254C7F27F44B79006036E2 /* AppDelegate.swift in Sources */ = {isa = PBXBuildFile; fileRef = E9254C7E27F44B79006036E2 /* AppDelegate.swift */; };
		E9254C8727F451AD006036E2 /* Employees.json in Resources */ = {isa = PBXBuildFile; fileRef = E9254C8627F451AC006036E2 /* Employees.json */; };
		E96C998E27D11CB9006B4A0E /* SceneDelegate.swift in Sources */ = {isa = PBXBuildFile; fileRef = E96C998D27D11CB9006B4A0E /* SceneDelegate.swift */; };
		E96C999327D11CB9006B4A0E /* Main.storyboard in Resources */ = {isa = PBXBuildFile; fileRef = E96C999127D11CB9006B4A0E /* Main.storyboard */; };
		E96C999527D11CBD006B4A0E /* Assets.xcassets in Resources */ = {isa = PBXBuildFile; fileRef = E96C999427D11CBD006B4A0E /* Assets.xcassets */; };
		E96C999827D11CBD006B4A0E /* LaunchScreen.storyboard in Resources */ = {isa = PBXBuildFile; fileRef = E96C999627D11CBD006B4A0E /* LaunchScreen.storyboard */; };
		E96C99A527D11E4E006B4A0E /* LoginVC.swift in Sources */ = {isa = PBXBuildFile; fileRef = E96C99A427D11E4E006B4A0E /* LoginVC.swift */; };
		E96C99A727D11E9E006B4A0E /* RegisterVC.swift in Sources */ = {isa = PBXBuildFile; fileRef = E96C99A627D11E9E006B4A0E /* RegisterVC.swift */; };
		E96C99AB27D11EFA006B4A0E /* HomeVC.swift in Sources */ = {isa = PBXBuildFile; fileRef = E96C99AA27D11EFA006B4A0E /* HomeVC.swift */; };
		E96C99B127D11F73006B4A0E /* RecoverPasswordVC.swift in Sources */ = {isa = PBXBuildFile; fileRef = E96C99B027D11F73006B4A0E /* RecoverPasswordVC.swift */; };
		E96C99B327D13BEB006B4A0E /* EmployeeCell.swift in Sources */ = {isa = PBXBuildFile; fileRef = E96C99B227D13BEB006B4A0E /* EmployeeCell.swift */; };
		E96C99B527D13C05006B4A0E /* Response.swift in Sources */ = {isa = PBXBuildFile; fileRef = E96C99B427D13C05006B4A0E /* Response.swift */; };
		E96C99B727D13C6E006B4A0E /* Employee.swift in Sources */ = {isa = PBXBuildFile; fileRef = E96C99B627D13C6E006B4A0E /* Employee.swift */; };
		E96C99B927D13C96006B4A0E /* NetworkManager.swift in Sources */ = {isa = PBXBuildFile; fileRef = E96C99B827D13C96006B4A0E /* NetworkManager.swift */; };
		E96C99BD27D141FF006B4A0E /* DetailVC.swift in Sources */ = {isa = PBXBuildFile; fileRef = E96C99BC27D141FF006B4A0E /* DetailVC.swift */; };
		E96C99BF27D14907006B4A0E /* ProfileVC.swift in Sources */ = {isa = PBXBuildFile; fileRef = E96C99BE27D14907006B4A0E /* ProfileVC.swift */; };
		E975C56427F3246D001D77F8 /* MockData.swift in Sources */ = {isa = PBXBuildFile; fileRef = E975C56327F3246D001D77F8 /* MockData.swift */; };
/* End PBXBuildFile section */

/* Begin PBXFileReference section */
		E9254C7E27F44B79006036E2 /* AppDelegate.swift */ = {isa = PBXFileReference; lastKnownFileType = sourcecode.swift; path = AppDelegate.swift; sourceTree = "<group>"; };
		E9254C8627F451AC006036E2 /* Employees.json */ = {isa = PBXFileReference; fileEncoding = 4; lastKnownFileType = text.json; path = Employees.json; sourceTree = "<group>"; };
		E96C998827D11CB9006B4A0E /* GestionDeEmpleados.app */ = {isa = PBXFileReference; explicitFileType = wrapper.application; includeInIndex = 0; path = GestionDeEmpleados.app; sourceTree = BUILT_PRODUCTS_DIR; };
		E96C998D27D11CB9006B4A0E /* SceneDelegate.swift */ = {isa = PBXFileReference; lastKnownFileType = sourcecode.swift; path = SceneDelegate.swift; sourceTree = "<group>"; };
		E96C999227D11CB9006B4A0E /* Base */ = {isa = PBXFileReference; lastKnownFileType = file.storyboard; name = Base; path = Base.lproj/Main.storyboard; sourceTree = "<group>"; };
		E96C999427D11CBD006B4A0E /* Assets.xcassets */ = {isa = PBXFileReference; lastKnownFileType = folder.assetcatalog; path = Assets.xcassets; sourceTree = "<group>"; };
		E96C999727D11CBD006B4A0E /* Base */ = {isa = PBXFileReference; lastKnownFileType = file.storyboard; name = Base; path = Base.lproj/LaunchScreen.storyboard; sourceTree = "<group>"; };
		E96C999927D11CBD006B4A0E /* Info.plist */ = {isa = PBXFileReference; lastKnownFileType = text.plist.xml; path = Info.plist; sourceTree = "<group>"; };
		E96C99A427D11E4E006B4A0E /* LoginVC.swift */ = {isa = PBXFileReference; lastKnownFileType = sourcecode.swift; path = LoginVC.swift; sourceTree = "<group>"; };
		E96C99A627D11E9E006B4A0E /* RegisterVC.swift */ = {isa = PBXFileReference; lastKnownFileType = sourcecode.swift; path = RegisterVC.swift; sourceTree = "<group>"; };
		E96C99AA27D11EFA006B4A0E /* HomeVC.swift */ = {isa = PBXFileReference; lastKnownFileType = sourcecode.swift; path = HomeVC.swift; sourceTree = "<group>"; };
		E96C99B027D11F73006B4A0E /* RecoverPasswordVC.swift */ = {isa = PBXFileReference; lastKnownFileType = sourcecode.swift; path = RecoverPasswordVC.swift; sourceTree = "<group>"; };
		E96C99B227D13BEB006B4A0E /* EmployeeCell.swift */ = {isa = PBXFileReference; lastKnownFileType = sourcecode.swift; path = EmployeeCell.swift; sourceTree = "<group>"; };
		E96C99B427D13C05006B4A0E /* Response.swift */ = {isa = PBXFileReference; lastKnownFileType = sourcecode.swift; path = Response.swift; sourceTree = "<group>"; };
		E96C99B627D13C6E006B4A0E /* Employee.swift */ = {isa = PBXFileReference; lastKnownFileType = sourcecode.swift; path = Employee.swift; sourceTree = "<group>"; };
		E96C99B827D13C96006B4A0E /* NetworkManager.swift */ = {isa = PBXFileReference; lastKnownFileType = sourcecode.swift; path = NetworkManager.swift; sourceTree = "<group>"; };
		E96C99BC27D141FF006B4A0E /* DetailVC.swift */ = {isa = PBXFileReference; lastKnownFileType = sourcecode.swift; path = DetailVC.swift; sourceTree = "<group>"; };
		E96C99BE27D14907006B4A0E /* ProfileVC.swift */ = {isa = PBXFileReference; lastKnownFileType = sourcecode.swift; path = ProfileVC.swift; sourceTree = "<group>"; };
		E975C56327F3246D001D77F8 /* MockData.swift */ = {isa = PBXFileReference; lastKnownFileType = sourcecode.swift; path = MockData.swift; sourceTree = "<group>"; };
/* End PBXFileReference section */

/* Begin PBXFrameworksBuildPhase section */
		E96C998527D11CB9006B4A0E /* Frameworks */ = {
			isa = PBXFrameworksBuildPhase;
			buildActionMask = 2147483647;
			files = (
			);
			runOnlyForDeploymentPostprocessing = 0;
		};
/* End PBXFrameworksBuildPhase section */

/* Begin PBXGroup section */
		E96C997F27D11CB9006B4A0E = {
			isa = PBXGroup;
			children = (
				E96C998A27D11CB9006B4A0E /* GestionDeEmpleados */,
				E96C998927D11CB9006B4A0E /* Products */,
			);
			sourceTree = "<group>";
		};
		E96C998927D11CB9006B4A0E /* Products */ = {
			isa = PBXGroup;
			children = (
				E96C998827D11CB9006B4A0E /* GestionDeEmpleados.app */,
			);
			name = Products;
			sourceTree = "<group>";
		};
		E96C998A27D11CB9006B4A0E /* GestionDeEmpleados */ = {
			isa = PBXGroup;
			children = (
				E96C999F27D11D32006B4A0E /* Cell */,
				E96C99A327D11D7A006B4A0E /* Model */,
				E96C99A227D11D65006B4A0E /* Network */,
				E96C99A127D11D50006B4A0E /* ViewController */,
				E9254C7E27F44B79006036E2 /* AppDelegate.swift */,
				E96C998D27D11CB9006B4A0E /* SceneDelegate.swift */,
				E96C999127D11CB9006B4A0E /* Main.storyboard */,
				E96C999427D11CBD006B4A0E /* Assets.xcassets */,
				E96C999627D11CBD006B4A0E /* LaunchScreen.storyboard */,
				E96C999927D11CBD006B4A0E /* Info.plist */,
			);
			path = GestionDeEmpleados;
			sourceTree = "<group>";
		};
		E96C999F27D11D32006B4A0E /* Cell */ = {
			isa = PBXGroup;
			children = (
				E96C99B227D13BEB006B4A0E /* EmployeeCell.swift */,
			);
			path = Cell;
			sourceTree = "<group>";
		};
		E96C99A127D11D50006B4A0E /* ViewController */ = {
			isa = PBXGroup;
			children = (
				E96C99A427D11E4E006B4A0E /* LoginVC.swift */,
				E96C99A627D11E9E006B4A0E /* RegisterVC.swift */,
				E96C99AA27D11EFA006B4A0E /* HomeVC.swift */,
				E96C99B027D11F73006B4A0E /* RecoverPasswordVC.swift */,
				E96C99BE27D14907006B4A0E /* ProfileVC.swift */,
				E96C99BC27D141FF006B4A0E /* DetailVC.swift */,
			);
			path = ViewController;
			sourceTree = "<group>";
		};
		E96C99A227D11D65006B4A0E /* Network */ = {
			isa = PBXGroup;
			children = (
				E96C99B827D13C96006B4A0E /* NetworkManager.swift */,
				E975C56327F3246D001D77F8 /* MockData.swift */,
				E9254C8627F451AC006036E2 /* Employees.json */,
			);
			path = Network;
			sourceTree = "<group>";
		};
		E96C99A327D11D7A006B4A0E /* Model */ = {
			isa = PBXGroup;
			children = (
				E96C99B427D13C05006B4A0E /* Response.swift */,
				E96C99B627D13C6E006B4A0E /* Employee.swift */,
			);
			path = Model;
			sourceTree = "<group>";
		};
/* End PBXGroup section */

/* Begin PBXNativeTarget section */
		E96C998727D11CB9006B4A0E /* GestionDeEmpleados */ = {
			isa = PBXNativeTarget;
			buildConfigurationList = E96C999C27D11CBD006B4A0E /* Build configuration list for PBXNativeTarget "GestionDeEmpleados" */;
			buildPhases = (
				E96C998427D11CB9006B4A0E /* Sources */,
				E96C998527D11CB9006B4A0E /* Frameworks */,
				E96C998627D11CB9006B4A0E /* Resources */,
			);
			buildRules = (
			);
			dependencies = (
			);
			name = GestionDeEmpleados;
			productName = GestionDeEmpleados;
			productReference = E96C998827D11CB9006B4A0E /* GestionDeEmpleados.app */;
			productType = "com.apple.product-type.application";
		};
/* End PBXNativeTarget section */

/* Begin PBXProject section */
		E96C998027D11CB9006B4A0E /* Project object */ = {
			isa = PBXProject;
			attributes = {
				BuildIndependentTargetsInParallel = 1;
				LastSwiftUpdateCheck = 1300;
				LastUpgradeCheck = 1300;
				TargetAttributes = {
					E96C998727D11CB9006B4A0E = {
						CreatedOnToolsVersion = 13.0;
					};
				};
			};
			buildConfigurationList = E96C998327D11CB9006B4A0E /* Build configuration list for PBXProject "GestionDeEmpleados" */;
			compatibilityVersion = "Xcode 13.0";
			developmentRegion = en;
			hasScannedForEncodings = 0;
			knownRegions = (
				en,
				Base,
			);
			mainGroup = E96C997F27D11CB9006B4A0E;
			productRefGroup = E96C998927D11CB9006B4A0E /* Products */;
			projectDirPath = "";
			projectRoot = "";
			targets = (
				E96C998727D11CB9006B4A0E /* GestionDeEmpleados */,
			);
		};
/* End PBXProject section */

/* Begin PBXResourcesBuildPhase section */
		E96C998627D11CB9006B4A0E /* Resources */ = {
			isa = PBXResourcesBuildPhase;
			buildActionMask = 2147483647;
			files = (
				E96C999827D11CBD006B4A0E /* LaunchScreen.storyboard in Resources */,
				E9254C8727F451AD006036E2 /* Employees.json in Resources */,
				E96C999527D11CBD006B4A0E /* Assets.xcassets in Resources */,
				E96C999327D11CB9006B4A0E /* Main.storyboard in Resources */,
			);
			runOnlyForDeploymentPostprocessing = 0;
		};
/* End PBXResourcesBuildPhase section */

/* Begin PBXSourcesBuildPhase section */
		E96C998427D11CB9006B4A0E /* Sources */ = {
			isa = PBXSourcesBuildPhase;
			buildActionMask = 2147483647;
			files = (
				E96C99BF27D14907006B4A0E /* ProfileVC.swift in Sources */,
				E96C99B127D11F73006B4A0E /* RecoverPasswordVC.swift in Sources */,
				E96C99AB27D11EFA006B4A0E /* HomeVC.swift in Sources */,
				E9254C7F27F44B79006036E2 /* AppDelegate.swift in Sources */,
				E975C56427F3246D001D77F8 /* MockData.swift in Sources */,
				E96C99B727D13C6E006B4A0E /* Employee.swift in Sources */,
				E96C99B927D13C96006B4A0E /* NetworkManager.swift in Sources */,
				E96C99BD27D141FF006B4A0E /* DetailVC.swift in Sources */,
				E96C99B527D13C05006B4A0E /* Response.swift in Sources */,
				E96C99A527D11E4E006B4A0E /* LoginVC.swift in Sources */,
				E96C99B327D13BEB006B4A0E /* EmployeeCell.swift in Sources */,
				E96C998E27D11CB9006B4A0E /* SceneDelegate.swift in Sources */,
				E96C99A727D11E9E006B4A0E /* RegisterVC.swift in Sources */,
			);
			runOnlyForDeploymentPostprocessing = 0;
		};
/* End PBXSourcesBuildPhase section */

/* Begin PBXVariantGroup section */
		E96C999127D11CB9006B4A0E /* Main.storyboard */ = {
			isa = PBXVariantGroup;
			children = (
				E96C999227D11CB9006B4A0E /* Base */,
			);
			name = Main.storyboard;
			sourceTree = "<group>";
		};
		E96C999627D11CBD006B4A0E /* LaunchScreen.storyboard */ = {
			isa = PBXVariantGroup;
			children = (
				E96C999727D11CBD006B4A0E /* Base */,
			);
			name = LaunchScreen.storyboard;
			sourceTree = "<group>";
		};
/* End PBXVariantGroup section */

/* Begin XCBuildConfiguration section */
		E96C999A27D11CBD006B4A0E /* Debug */ = {
			isa = XCBuildConfiguration;
			buildSettings = {
				ALWAYS_SEARCH_USER_PATHS = NO;
				CLANG_ANALYZER_NONNULL = YES;
				CLANG_ANALYZER_NUMBER_OBJECT_CONVERSION = YES_AGGRESSIVE;
				CLANG_CXX_LANGUAGE_STANDARD = "gnu++17";
				CLANG_CXX_LIBRARY = "libc++";
				CLANG_ENABLE_MODULES = YES;
				CLANG_ENABLE_OBJC_ARC = YES;
				CLANG_ENABLE_OBJC_WEAK = YES;
				CLANG_WARN_BLOCK_CAPTURE_AUTORELEASING = YES;
				CLANG_WARN_BOOL_CONVERSION = YES;
				CLANG_WARN_COMMA = YES;
				CLANG_WARN_CONSTANT_CONVERSION = YES;
				CLANG_WARN_DEPRECATED_OBJC_IMPLEMENTATIONS = YES;
				CLANG_WARN_DIRECT_OBJC_ISA_USAGE = YES_ERROR;
				CLANG_WARN_DOCUMENTATION_COMMENTS = YES;
				CLANG_WARN_EMPTY_BODY = YES;
				CLANG_WARN_ENUM_CONVERSION = YES;
				CLANG_WARN_INFINITE_RECURSION = YES;
				CLANG_WARN_INT_CONVERSION = YES;
				CLANG_WARN_NON_LITERAL_NULL_CONVERSION = YES;
				CLANG_WARN_OBJC_IMPLICIT_RETAIN_SELF = YES;
				CLANG_WARN_OBJC_LITERAL_CONVERSION = YES;
				CLANG_WARN_OBJC_ROOT_CLASS = YES_ERROR;
				CLANG_WARN_QUOTED_INCLUDE_IN_FRAMEWORK_HEADER = YES;
				CLANG_WARN_RANGE_LOOP_ANALYSIS = YES;
				CLANG_WARN_STRICT_PROTOTYPES = YES;
				CLANG_WARN_SUSPICIOUS_MOVE = YES;
				CLANG_WARN_UNGUARDED_AVAILABILITY = YES_AGGRESSIVE;
				CLANG_WARN_UNREACHABLE_CODE = YES;
				CLANG_WARN__DUPLICATE_METHOD_MATCH = YES;
				COPY_PHASE_STRIP = NO;
				DEBUG_INFORMATION_FORMAT = dwarf;
				ENABLE_STRICT_OBJC_MSGSEND = YES;
				ENABLE_TESTABILITY = YES;
				GCC_C_LANGUAGE_STANDARD = gnu11;
				GCC_DYNAMIC_NO_PIC = NO;
				GCC_NO_COMMON_BLOCKS = YES;
				GCC_OPTIMIZATION_LEVEL = 0;
				GCC_PREPROCESSOR_DEFINITIONS = (
					"DEBUG=1",
					"$(inherited)",
				);
				GCC_WARN_64_TO_32_BIT_CONVERSION = YES;
				GCC_WARN_ABOUT_RETURN_TYPE = YES_ERROR;
				GCC_WARN_UNDECLARED_SELECTOR = YES;
				GCC_WARN_UNINITIALIZED_AUTOS = YES_AGGRESSIVE;
				GCC_WARN_UNUSED_FUNCTION = YES;
				GCC_WARN_UNUSED_VARIABLE = YES;
				IPHONEOS_DEPLOYMENT_TARGET = 15.0;
				MTL_ENABLE_DEBUG_INFO = INCLUDE_SOURCE;
				MTL_FAST_MATH = YES;
				ONLY_ACTIVE_ARCH = YES;
				SDKROOT = iphoneos;
				SWIFT_ACTIVE_COMPILATION_CONDITIONS = DEBUG;
				SWIFT_OPTIMIZATION_LEVEL = "-Onone";
			};
			name = Debug;
		};
		E96C999B27D11CBD006B4A0E /* Release */ = {
			isa = XCBuildConfiguration;
			buildSettings = {
				ALWAYS_SEARCH_USER_PATHS = NO;
				CLANG_ANALYZER_NONNULL = YES;
				CLANG_ANALYZER_NUMBER_OBJECT_CONVERSION = YES_AGGRESSIVE;
				CLANG_CXX_LANGUAGE_STANDARD = "gnu++17";
				CLANG_CXX_LIBRARY = "libc++";
				CLANG_ENABLE_MODULES = YES;
				CLANG_ENABLE_OBJC_ARC = YES;
				CLANG_ENABLE_OBJC_WEAK = YES;
				CLANG_WARN_BLOCK_CAPTURE_AUTORELEASING = YES;
				CLANG_WARN_BOOL_CONVERSION = YES;
				CLANG_WARN_COMMA = YES;
				CLANG_WARN_CONSTANT_CONVERSION = YES;
				CLANG_WARN_DEPRECATED_OBJC_IMPLEMENTATIONS = YES;
				CLANG_WARN_DIRECT_OBJC_ISA_USAGE = YES_ERROR;
				CLANG_WARN_DOCUMENTATION_COMMENTS = YES;
				CLANG_WARN_EMPTY_BODY = YES;
				CLANG_WARN_ENUM_CONVERSION = YES;
				CLANG_WARN_INFINITE_RECURSION = YES;
				CLANG_WARN_INT_CONVERSION = YES;
				CLANG_WARN_NON_LITERAL_NULL_CONVERSION = YES;
				CLANG_WARN_OBJC_IMPLICIT_RETAIN_SELF = YES;
				CLANG_WARN_OBJC_LITERAL_CONVERSION = YES;
				CLANG_WARN_OBJC_ROOT_CLASS = YES_ERROR;
				CLANG_WARN_QUOTED_INCLUDE_IN_FRAMEWORK_HEADER = YES;
				CLANG_WARN_RANGE_LOOP_ANALYSIS = YES;
				CLANG_WARN_STRICT_PROTOTYPES = YES;
				CLANG_WARN_SUSPICIOUS_MOVE = YES;
				CLANG_WARN_UNGUARDED_AVAILABILITY = YES_AGGRESSIVE;
				CLANG_WARN_UNREACHABLE_CODE = YES;
				CLANG_WARN__DUPLICATE_METHOD_MATCH = YES;
				COPY_PHASE_STRIP = NO;
				DEBUG_INFORMATION_FORMAT = "dwarf-with-dsym";
				ENABLE_NS_ASSERTIONS = NO;
				ENABLE_STRICT_OBJC_MSGSEND = YES;
				GCC_C_LANGUAGE_STANDARD = gnu11;
				GCC_NO_COMMON_BLOCKS = YES;
				GCC_WARN_64_TO_32_BIT_CONVERSION = YES;
				GCC_WARN_ABOUT_RETURN_TYPE = YES_ERROR;
				GCC_WARN_UNDECLARED_SELECTOR = YES;
				GCC_WARN_UNINITIALIZED_AUTOS = YES_AGGRESSIVE;
				GCC_WARN_UNUSED_FUNCTION = YES;
				GCC_WARN_UNUSED_VARIABLE = YES;
				IPHONEOS_DEPLOYMENT_TARGET = 15.0;
				MTL_ENABLE_DEBUG_INFO = NO;
				MTL_FAST_MATH = YES;
				SDKROOT = iphoneos;
				SWIFT_COMPILATION_MODE = wholemodule;
				SWIFT_OPTIMIZATION_LEVEL = "-O";
				VALIDATE_PRODUCT = YES;
			};
			name = Release;
		};
		E96C999D27D11CBD006B4A0E /* Debug */ = {
			isa = XCBuildConfiguration;
			buildSettings = {
				ASSETCATALOG_COMPILER_APPICON_NAME = AppIcon;
				ASSETCATALOG_COMPILER_GLOBAL_ACCENT_COLOR_NAME = AccentColor;
				CODE_SIGN_STYLE = Automatic;
				CURRENT_PROJECT_VERSION = 1;
				GENERATE_INFOPLIST_FILE = YES;
				INFOPLIST_FILE = GestionDeEmpleados/Info.plist;
				INFOPLIST_KEY_UIApplicationSupportsIndirectInputEvents = YES;
				INFOPLIST_KEY_UILaunchStoryboardName = LaunchScreen;
				INFOPLIST_KEY_UIMainStoryboardFile = Main;
				INFOPLIST_KEY_UISupportedInterfaceOrientations_iPad = "UIInterfaceOrientationPortrait UIInterfaceOrientationPortraitUpsideDown UIInterfaceOrientationLandscapeLeft UIInterfaceOrientationLandscapeRight";
				INFOPLIST_KEY_UISupportedInterfaceOrientations_iPhone = "UIInterfaceOrientationPortrait UIInterfaceOrientationLandscapeLeft UIInterfaceOrientationLandscapeRight";
				LD_RUNPATH_SEARCH_PATHS = (
					"$(inherited)",
					"@executable_path/Frameworks",
				);
				MARKETING_VERSION = 1.0;
				PRODUCT_BUNDLE_IDENTIFIER = GestionDeEmpleados.GestionDeEmpleados;
				PRODUCT_NAME = "$(TARGET_NAME)";
				SWIFT_EMIT_LOC_STRINGS = YES;
				SWIFT_VERSION = 5.0;
				TARGETED_DEVICE_FAMILY = "1,2";
			};
			name = Debug;
		};
		E96C999E27D11CBD006B4A0E /* Release */ = {
			isa = XCBuildConfiguration;
			buildSettings = {
				ASSETCATALOG_COMPILER_APPICON_NAME = AppIcon;
				ASSETCATALOG_COMPILER_GLOBAL_ACCENT_COLOR_NAME = AccentColor;
				CODE_SIGN_STYLE = Automatic;
				CURRENT_PROJECT_VERSION = 1;
				GENERATE_INFOPLIST_FILE = YES;
				INFOPLIST_FILE = GestionDeEmpleados/Info.plist;
				INFOPLIST_KEY_UIApplicationSupportsIndirectInputEvents = YES;
				INFOPLIST_KEY_UILaunchStoryboardName = LaunchScreen;
				INFOPLIST_KEY_UIMainStoryboardFile = Main;
				INFOPLIST_KEY_UISupportedInterfaceOrientations_iPad = "UIInterfaceOrientationPortrait UIInterfaceOrientationPortraitUpsideDown UIInterfaceOrientationLandscapeLeft UIInterfaceOrientationLandscapeRight";
				INFOPLIST_KEY_UISupportedInterfaceOrientations_iPhone = "UIInterfaceOrientationPortrait UIInterfaceOrientationLandscapeLeft UIInterfaceOrientationLandscapeRight";
				LD_RUNPATH_SEARCH_PATHS = (
					"$(inherited)",
					"@executable_path/Frameworks",
				);
				MARKETING_VERSION = 1.0;
				PRODUCT_BUNDLE_IDENTIFIER = GestionDeEmpleados.GestionDeEmpleados;
				PRODUCT_NAME = "$(TARGET_NAME)";
				SWIFT_EMIT_LOC_STRINGS = YES;
				SWIFT_VERSION = 5.0;
				TARGETED_DEVICE_FAMILY = "1,2";
			};
			name = Release;
		};
/* End XCBuildConfiguration section */

/* Begin XCConfigurationList section */
		E96C998327D11CB9006B4A0E /* Build configuration list for PBXProject "GestionDeEmpleados" */ = {
			isa = XCConfigurationList;
			buildConfigurations = (
				E96C999A27D11CBD006B4A0E /* Debug */,
				E96C999B27D11CBD006B4A0E /* Release */,
			);
			defaultConfigurationIsVisible = 0;
			defaultConfigurationName = Release;
		};
		E96C999C27D11CBD006B4A0E /* Build configuration list for PBXNativeTarget "GestionDeEmpleados" */ = {
			isa = XCConfigurationList;
			buildConfigurations = (
				E96C999D27D11CBD006B4A0E /* Debug */,
				E96C999E27D11CBD006B4A0E /* Release */,
			);
			defaultConfigurationIsVisible = 0;
			defaultConfigurationName = Release;
		};
/* End XCConfigurationList section */
	};
	rootObject = E96C998027D11CB9006B4A0E /* Project object */;
}
